{
  "lockfile_version": "1",
  "packages": {
    "libusb1": {
      "resolved": "github:NixOS/nixpkgs/75a52265bda7fd25e06e3a67dee3f0354e73243c#libusb1",
      "source": "nixpkg"
    },
    "nodejs@22": {
      "last_modified": "2024-11-16T04:25:12Z",
      "plugin_version": "0.0.2",
      "resolved": "github:NixOS/nixpkgs/34a626458d686f1b58139620a8b2793e9e123bba#nodejs_22",
      "source": "devbox-search",
      "version": "22.10.0",
      "systems": {
        "aarch64-darwin": {
          "outputs": [
            {
              "name": "out",
              "path": "/nix/store/3r50cvcf5d7fahnkx4nkr2nk3h377h4s-nodejs-22.10.0",
              "default": true
            },
            {
              "name": "libv8",
              "path": "/nix/store/6rgrpzdbylr432xa1r4mi9wc5i2bgvw0-nodejs-22.10.0-libv8"
            }
          ],
          "store_path": "/nix/store/3r50cvcf5d7fahnkx4nkr2nk3h377h4s-nodejs-22.10.0"
        },
        "aarch64-linux": {
          "outputs": [
            {
              "name": "out",
              "path": "/nix/store/ayfg2m6gwh5047hapf316jrilxd8kk4k-nodejs-22.10.0",
              "default": true
            },
            {
              "name": "libv8",
              "path": "/nix/store/649q0xdwl617h2s8j50f7880df60w37a-nodejs-22.10.0-libv8"
            }
          ],
          "store_path": "/nix/store/ayfg2m6gwh5047hapf316jrilxd8kk4k-nodejs-22.10.0"
        },
        "x86_64-darwin": {
          "outputs": [
            {
              "name": "out",
              "path": "/nix/store/4rmbk8pg2lvv22aqjk8b539pfspsm98m-nodejs-22.10.0",
              "default": true
            },
            {
              "name": "libv8",
              "path": "/nix/store/g1bmrm6lq74zdid30q8hh3102qxpk7p7-nodejs-22.10.0-libv8"
            }
          ],
          "store_path": "/nix/store/4rmbk8pg2lvv22aqjk8b539pfspsm98m-nodejs-22.10.0"
        },
        "x86_64-linux": {
          "outputs": [
            {
              "name": "out",
              "path": "/nix/store/0xvgzkl74v6jrh79ibh7ss770dh4hb69-nodejs-22.10.0",
              "default": true
            },
            {
              "name": "libv8",
              "path": "/nix/store/j0nfkz29q3iigzl6ly1a75bivd1bsqc3-nodejs-22.10.0-libv8"
            }
          ],
          "store_path": "/nix/store/0xvgzkl74v6jrh79ibh7ss770dh4hb69-nodejs-22.10.0"
        }
      }
    },
    "python@3.13": {
      "last_modified": "2024-12-04T16:45:45Z",
      "plugin_version": "0.0.4",
      "resolved": "github:NixOS/nixpkgs/2f9d395f057a50f8076f633c10519035fce8d773#python313",
      "source": "devbox-search",
      "version": "3.13.1",
      "systems": {
        "aarch64-darwin": {
          "outputs": [
            {
              "name": "out",
              "path": "/nix/store/pq777ysry7jjqgjska3ch3f4876fkba9-python3-3.13.1",
              "default": true
            }
          ],
          "store_path": "/nix/store/pq777ysry7jjqgjska3ch3f4876fkba9-python3-3.13.1"
        },
        "aarch64-linux": {
          "outputs": [
            {
              "name": "out",
              "path": "/nix/store/bc96r0r99q6i1cp705qimz3jnvgn6ihk-python3-3.13.1",
              "default": true
            },
            {
              "name": "debug",
              "path": "/nix/store/c5c958sfx4ianghyjk1r5nbj11r6pzc2-python3-3.13.1-debug"
            }
          ],
          "store_path": "/nix/store/bc96r0r99q6i1cp705qimz3jnvgn6ihk-python3-3.13.1"
        },
        "x86_64-darwin": {
          "outputs": [
            {
              "name": "out",
              "path": "/nix/store/bxyw661l95pjq2c0rv1v69ph0z3cykl7-python3-3.13.1",
              "default": true
            }
          ],
          "store_path": "/nix/store/bxyw661l95pjq2c0rv1v69ph0z3cykl7-python3-3.13.1"
        },
        "x86_64-linux": {
          "outputs": [
            {
              "name": "out",
              "path": "/nix/store/6llg9sms6xw69whqpdkgldjz61dlk9c2-python3-3.13.1",
              "default": true
            },
            {
              "name": "debug",
              "path": "/nix/store/7k7p2syb94mbrg57yp3k8gfcx4wr5br9-python3-3.13.1-debug"
            }
          ],
          "store_path": "/nix/store/6llg9sms6xw69whqpdkgldjz61dlk9c2-python3-3.13.1"
        }
      }
    },
    "udev": {
      "resolved": "github:NixOS/nixpkgs/75a52265bda7fd25e06e3a67dee3f0354e73243c#udev",
      "source": "nixpkg"
    }
  }
}
